// !$*UTF8*$!
{
	archiveVersion = 1;
	classes = {
	};
	objectVersion = 56;
	objects = {

/* Begin PBXBuildFile section */
		A5195C5A2AA61C490025E5B4 /* NotificationView.swift in Sources */ = {isa = PBXBuildFile; fileRef = A5195C592AA61C490025E5B4 /* NotificationView.swift */; };
		A5195C5C2AA61C760025E5B4 /* NotificationSheetView.swift in Sources */ = {isa = PBXBuildFile; fileRef = A5195C5B2AA61C760025E5B4 /* NotificationSheetView.swift */; };
		A5195C5E2AA61C970025E5B4 /* NotificationViewModel.swift in Sources */ = {isa = PBXBuildFile; fileRef = A5195C5D2AA61C970025E5B4 /* NotificationViewModel.swift */; };
		A5195C602AA61CC90025E5B4 /* NotificationData.swift in Sources */ = {isa = PBXBuildFile; fileRef = A5195C5F2AA61CC90025E5B4 /* NotificationData.swift */; };
		A5195C622AA8AC550025E5B4 /* NotificationError.swift in Sources */ = {isa = PBXBuildFile; fileRef = A5195C612AA8AC550025E5B4 /* NotificationError.swift */; };
		A5195C642AA8AD330025E5B4 /* NotificationConstants.swift in Sources */ = {isa = PBXBuildFile; fileRef = A5195C632AA8AD330025E5B4 /* NotificationConstants.swift */; };
		A5544F5E2A5EF798007C9E2F /* String+Ext.swift in Sources */ = {isa = PBXBuildFile; fileRef = A5544F5D2A5EF798007C9E2F /* String+Ext.swift */; };
		A579C9652A3B6EA500D0E5B1 /* SwiftUIKitApp.swift in Sources */ = {isa = PBXBuildFile; fileRef = A579C9642A3B6EA500D0E5B1 /* SwiftUIKitApp.swift */; };
		A579C9672A3B6EA500D0E5B1 /* ContentView.swift in Sources */ = {isa = PBXBuildFile; fileRef = A579C9662A3B6EA500D0E5B1 /* ContentView.swift */; };
		A579C9692A3B6EA600D0E5B1 /* Assets.xcassets in Resources */ = {isa = PBXBuildFile; fileRef = A579C9682A3B6EA600D0E5B1 /* Assets.xcassets */; };
		A579C96D2A3B6EA600D0E5B1 /* Preview Assets.xcassets in Resources */ = {isa = PBXBuildFile; fileRef = A579C96C2A3B6EA600D0E5B1 /* Preview Assets.xcassets */; };
		A579C9792A3B706100D0E5B1 /* BannerPreview.swift in Sources */ = {isa = PBXBuildFile; fileRef = A579C9742A3B706100D0E5B1 /* BannerPreview.swift */; };
		A579C97A2A3B706100D0E5B1 /* BannerView.swift in Sources */ = {isa = PBXBuildFile; fileRef = A579C9752A3B706100D0E5B1 /* BannerView.swift */; };
		A579C97B2A3B706100D0E5B1 /* BannerData.swift in Sources */ = {isa = PBXBuildFile; fileRef = A579C9762A3B706100D0E5B1 /* BannerData.swift */; };
		A579C97C2A3B706100D0E5B1 /* BannerModifier.swift in Sources */ = {isa = PBXBuildFile; fileRef = A579C9772A3B706100D0E5B1 /* BannerModifier.swift */; };
		A579C97D2A3B706100D0E5B1 /* View+Ext.swift in Sources */ = {isa = PBXBuildFile; fileRef = A579C9782A3B706100D0E5B1 /* View+Ext.swift */; };
/* End PBXBuildFile section */

/* Begin PBXFileReference section */
		A5195C592AA61C490025E5B4 /* NotificationView.swift */ = {isa = PBXFileReference; lastKnownFileType = sourcecode.swift; path = NotificationView.swift; sourceTree = "<group>"; };
		A5195C5B2AA61C760025E5B4 /* NotificationSheetView.swift */ = {isa = PBXFileReference; lastKnownFileType = sourcecode.swift; path = NotificationSheetView.swift; sourceTree = "<group>"; };
		A5195C5D2AA61C970025E5B4 /* NotificationViewModel.swift */ = {isa = PBXFileReference; lastKnownFileType = sourcecode.swift; path = NotificationViewModel.swift; sourceTree = "<group>"; };
		A5195C5F2AA61CC90025E5B4 /* NotificationData.swift */ = {isa = PBXFileReference; lastKnownFileType = sourcecode.swift; path = NotificationData.swift; sourceTree = "<group>"; };
		A5195C612AA8AC550025E5B4 /* NotificationError.swift */ = {isa = PBXFileReference; lastKnownFileType = sourcecode.swift; path = NotificationError.swift; sourceTree = "<group>"; };
		A5195C632AA8AD330025E5B4 /* NotificationConstants.swift */ = {isa = PBXFileReference; lastKnownFileType = sourcecode.swift; path = NotificationConstants.swift; sourceTree = "<group>"; };
		A5544F5D2A5EF798007C9E2F /* String+Ext.swift */ = {isa = PBXFileReference; lastKnownFileType = sourcecode.swift; path = "String+Ext.swift"; sourceTree = "<group>"; };
		A579C9612A3B6EA500D0E5B1 /* SwiftUIKit.app */ = {isa = PBXFileReference; explicitFileType = wrapper.application; includeInIndex = 0; path = SwiftUIKit.app; sourceTree = BUILT_PRODUCTS_DIR; };
		A579C9642A3B6EA500D0E5B1 /* SwiftUIKitApp.swift */ = {isa = PBXFileReference; lastKnownFileType = sourcecode.swift; path = SwiftUIKitApp.swift; sourceTree = "<group>"; };
		A579C9662A3B6EA500D0E5B1 /* ContentView.swift */ = {isa = PBXFileReference; lastKnownFileType = sourcecode.swift; path = ContentView.swift; sourceTree = "<group>"; };
		A579C9682A3B6EA600D0E5B1 /* Assets.xcassets */ = {isa = PBXFileReference; lastKnownFileType = folder.assetcatalog; path = Assets.xcassets; sourceTree = "<group>"; };
		A579C96A2A3B6EA600D0E5B1 /* SwiftUIKit.entitlements */ = {isa = PBXFileReference; lastKnownFileType = text.plist.entitlements; path = SwiftUIKit.entitlements; sourceTree = "<group>"; };
		A579C96C2A3B6EA600D0E5B1 /* Preview Assets.xcassets */ = {isa = PBXFileReference; lastKnownFileType = folder.assetcatalog; path = "Preview Assets.xcassets"; sourceTree = "<group>"; };
		A579C9742A3B706100D0E5B1 /* BannerPreview.swift */ = {isa = PBXFileReference; fileEncoding = 4; lastKnownFileType = sourcecode.swift; path = BannerPreview.swift; sourceTree = "<group>"; };
		A579C9752A3B706100D0E5B1 /* BannerView.swift */ = {isa = PBXFileReference; fileEncoding = 4; lastKnownFileType = sourcecode.swift; path = BannerView.swift; sourceTree = "<group>"; };
		A579C9762A3B706100D0E5B1 /* BannerData.swift */ = {isa = PBXFileReference; fileEncoding = 4; lastKnownFileType = sourcecode.swift; path = BannerData.swift; sourceTree = "<group>"; };
		A579C9772A3B706100D0E5B1 /* BannerModifier.swift */ = {isa = PBXFileReference; fileEncoding = 4; lastKnownFileType = sourcecode.swift; path = BannerModifier.swift; sourceTree = "<group>"; };
		A579C9782A3B706100D0E5B1 /* View+Ext.swift */ = {isa = PBXFileReference; fileEncoding = 4; lastKnownFileType = sourcecode.swift; path = "View+Ext.swift"; sourceTree = "<group>"; };
/* End PBXFileReference section */

/* Begin PBXFrameworksBuildPhase section */
		A579C95E2A3B6EA500D0E5B1 /* Frameworks */ = {
			isa = PBXFrameworksBuildPhase;
			buildActionMask = 2147483647;
			files = (
			);
			runOnlyForDeploymentPostprocessing = 0;
		};
/* End PBXFrameworksBuildPhase section */

/* Begin PBXGroup section */
		A5195C582AA61C080025E5B4 /* NotificationViewComponent */ = {
			isa = PBXGroup;
			children = (
				A5195C592AA61C490025E5B4 /* NotificationView.swift */,
				A5195C5B2AA61C760025E5B4 /* NotificationSheetView.swift */,
				A5195C5D2AA61C970025E5B4 /* NotificationViewModel.swift */,
				A5195C5F2AA61CC90025E5B4 /* NotificationData.swift */,
				A5195C612AA8AC550025E5B4 /* NotificationError.swift */,
				A5195C632AA8AD330025E5B4 /* NotificationConstants.swift */,
			);
			path = NotificationViewComponent;
			sourceTree = "<group>";
		};
		A5544F5C2A5EF772007C9E2F /* HTMLStylingComponent */ = {
			isa = PBXGroup;
			children = (
				A5544F5D2A5EF798007C9E2F /* String+Ext.swift */,
			);
			path = HTMLStylingComponent;
			sourceTree = "<group>";
		};
		A579C9582A3B6EA500D0E5B1 = {
			isa = PBXGroup;
			children = (
				A579C9632A3B6EA500D0E5B1 /* SwiftUIKit */,
				A579C9622A3B6EA500D0E5B1 /* Products */,
			);
			sourceTree = "<group>";
		};
		A579C9622A3B6EA500D0E5B1 /* Products */ = {
			isa = PBXGroup;
			children = (
				A579C9612A3B6EA500D0E5B1 /* SwiftUIKit.app */,
			);
			name = Products;
			sourceTree = "<group>";
		};
		A579C9632A3B6EA500D0E5B1 /* SwiftUIKit */ = {
			isa = PBXGroup;
			children = (
				A5195C582AA61C080025E5B4 /* NotificationViewComponent */,
				A579C9642A3B6EA500D0E5B1 /* SwiftUIKitApp.swift */,
				A579C9662A3B6EA500D0E5B1 /* ContentView.swift */,
				A579C9682A3B6EA600D0E5B1 /* Assets.xcassets */,
				A579C96A2A3B6EA600D0E5B1 /* SwiftUIKit.entitlements */,
				A5544F5C2A5EF772007C9E2F /* HTMLStylingComponent */,
				A579C9732A3B706100D0E5B1 /* BannerComponent */,
				A579C96B2A3B6EA600D0E5B1 /* Preview Content */,
			);
			path = SwiftUIKit;
			sourceTree = "<group>";
		};
		A579C96B2A3B6EA600D0E5B1 /* Preview Content */ = {
			isa = PBXGroup;
			children = (
				A579C96C2A3B6EA600D0E5B1 /* Preview Assets.xcassets */,
			);
			path = "Preview Content";
			sourceTree = "<group>";
		};
		A579C9732A3B706100D0E5B1 /* BannerComponent */ = {
			isa = PBXGroup;
			children = (
				A579C9742A3B706100D0E5B1 /* BannerPreview.swift */,
				A579C9752A3B706100D0E5B1 /* BannerView.swift */,
				A579C9762A3B706100D0E5B1 /* BannerData.swift */,
				A579C9772A3B706100D0E5B1 /* BannerModifier.swift */,
				A579C9782A3B706100D0E5B1 /* View+Ext.swift */,
			);
			path = BannerComponent;
			sourceTree = "<group>";
		};
/* End PBXGroup section */

/* Begin PBXNativeTarget section */
		A579C9602A3B6EA500D0E5B1 /* SwiftUIKit */ = {
			isa = PBXNativeTarget;
			buildConfigurationList = A579C9702A3B6EA600D0E5B1 /* Build configuration list for PBXNativeTarget "SwiftUIKit" */;
			buildPhases = (
				A579C95D2A3B6EA500D0E5B1 /* Sources */,
				A579C95E2A3B6EA500D0E5B1 /* Frameworks */,
				A579C95F2A3B6EA500D0E5B1 /* Resources */,
			);
			buildRules = (
			);
			dependencies = (
			);
			name = SwiftUIKit;
			productName = SwiftUIKit;
			productReference = A579C9612A3B6EA500D0E5B1 /* SwiftUIKit.app */;
			productType = "com.apple.product-type.application";
		};
/* End PBXNativeTarget section */

/* Begin PBXProject section */
		A579C9592A3B6EA500D0E5B1 /* Project object */ = {
			isa = PBXProject;
			attributes = {
				BuildIndependentTargetsInParallel = 1;
				LastSwiftUpdateCheck = 1430;
				LastUpgradeCheck = 1430;
				TargetAttributes = {
					A579C9602A3B6EA500D0E5B1 = {
						CreatedOnToolsVersion = 14.3.1;
					};
				};
			};
			buildConfigurationList = A579C95C2A3B6EA500D0E5B1 /* Build configuration list for PBXProject "SwiftUIKit" */;
			compatibilityVersion = "Xcode 14.0";
			developmentRegion = en;
			hasScannedForEncodings = 0;
			knownRegions = (
				en,
				Base,
			);
			mainGroup = A579C9582A3B6EA500D0E5B1;
			productRefGroup = A579C9622A3B6EA500D0E5B1 /* Products */;
			projectDirPath = "";
			projectRoot = "";
			targets = (
				A579C9602A3B6EA500D0E5B1 /* SwiftUIKit */,
			);
		};
/* End PBXProject section */

/* Begin PBXResourcesBuildPhase section */
		A579C95F2A3B6EA500D0E5B1 /* Resources */ = {
			isa = PBXResourcesBuildPhase;
			buildActionMask = 2147483647;
			files = (
				A579C96D2A3B6EA600D0E5B1 /* Preview Assets.xcassets in Resources */,
				A579C9692A3B6EA600D0E5B1 /* Assets.xcassets in Resources */,
			);
			runOnlyForDeploymentPostprocessing = 0;
		};
/* End PBXResourcesBuildPhase section */

/* Begin PBXSourcesBuildPhase section */
		A579C95D2A3B6EA500D0E5B1 /* Sources */ = {
			isa = PBXSourcesBuildPhase;
			buildActionMask = 2147483647;
			files = (
				A5195C602AA61CC90025E5B4 /* NotificationData.swift in Sources */,
				A579C97D2A3B706100D0E5B1 /* View+Ext.swift in Sources */,
				A579C97A2A3B706100D0E5B1 /* BannerView.swift in Sources */,
				A579C9672A3B6EA500D0E5B1 /* ContentView.swift in Sources */,
				A5195C622AA8AC550025E5B4 /* NotificationError.swift in Sources */,
				A5195C5C2AA61C760025E5B4 /* NotificationSheetView.swift in Sources */,
				A579C9792A3B706100D0E5B1 /* BannerPreview.swift in Sources */,
				A579C97B2A3B706100D0E5B1 /* BannerData.swift in Sources */,
				A579C97C2A3B706100D0E5B1 /* BannerModifier.swift in Sources */,
				A5544F5E2A5EF798007C9E2F /* String+Ext.swift in Sources */,
				A5195C642AA8AD330025E5B4 /* NotificationConstants.swift in Sources */,
				A5195C5A2AA61C490025E5B4 /* NotificationView.swift in Sources */,
				A579C9652A3B6EA500D0E5B1 /* SwiftUIKitApp.swift in Sources */,
				A5195C5E2AA61C970025E5B4 /* NotificationViewModel.swift in Sources */,
			);
			runOnlyForDeploymentPostprocessing = 0;
		};
/* End PBXSourcesBuildPhase section */

/* Begin XCBuildConfiguration section */
		A579C96E2A3B6EA600D0E5B1 /* Debug */ = {
			isa = XCBuildConfiguration;
			buildSettings = {
				ALWAYS_SEARCH_USER_PATHS = NO;
				CLANG_ANALYZER_NONNULL = YES;
				CLANG_ANALYZER_NUMBER_OBJECT_CONVERSION = YES_AGGRESSIVE;
				CLANG_CXX_LANGUAGE_STANDARD = "gnu++20";
				CLANG_ENABLE_MODULES = YES;
				CLANG_ENABLE_OBJC_ARC = YES;
				CLANG_ENABLE_OBJC_WEAK = YES;
				CLANG_WARN_BLOCK_CAPTURE_AUTORELEASING = YES;
				CLANG_WARN_BOOL_CONVERSION = YES;
				CLANG_WARN_COMMA = YES;
				CLANG_WARN_CONSTANT_CONVERSION = YES;
				CLANG_WARN_DEPRECATED_OBJC_IMPLEMENTATIONS = YES;
				CLANG_WARN_DIRECT_OBJC_ISA_USAGE = YES_ERROR;
				CLANG_WARN_DOCUMENTATION_COMMENTS = YES;
				CLANG_WARN_EMPTY_BODY = YES;
				CLANG_WARN_ENUM_CONVERSION = YES;
				CLANG_WARN_INFINITE_RECURSION = YES;
				CLANG_WARN_INT_CONVERSION = YES;
				CLANG_WARN_NON_LITERAL_NULL_CONVERSION = YES;
				CLANG_WARN_OBJC_IMPLICIT_RETAIN_SELF = YES;
				CLANG_WARN_OBJC_LITERAL_CONVERSION = YES;
				CLANG_WARN_OBJC_ROOT_CLASS = YES_ERROR;
				CLANG_WARN_QUOTED_INCLUDE_IN_FRAMEWORK_HEADER = YES;
				CLANG_WARN_RANGE_LOOP_ANALYSIS = YES;
				CLANG_WARN_STRICT_PROTOTYPES = YES;
				CLANG_WARN_SUSPICIOUS_MOVE = YES;
				CLANG_WARN_UNGUARDED_AVAILABILITY = YES_AGGRESSIVE;
				CLANG_WARN_UNREACHABLE_CODE = YES;
				CLANG_WARN__DUPLICATE_METHOD_MATCH = YES;
				COPY_PHASE_STRIP = NO;
				DEBUG_INFORMATION_FORMAT = dwarf;
				ENABLE_STRICT_OBJC_MSGSEND = YES;
				ENABLE_TESTABILITY = YES;
				GCC_C_LANGUAGE_STANDARD = gnu11;
				GCC_DYNAMIC_NO_PIC = NO;
				GCC_NO_COMMON_BLOCKS = YES;
				GCC_OPTIMIZATION_LEVEL = 0;
				GCC_PREPROCESSOR_DEFINITIONS = (
					"DEBUG=1",
					"$(inherited)",
				);
				GCC_WARN_64_TO_32_BIT_CONVERSION = YES;
				GCC_WARN_ABOUT_RETURN_TYPE = YES_ERROR;
				GCC_WARN_UNDECLARED_SELECTOR = YES;
				GCC_WARN_UNINITIALIZED_AUTOS = YES_AGGRESSIVE;
				GCC_WARN_UNUSED_FUNCTION = YES;
				GCC_WARN_UNUSED_VARIABLE = YES;
				IPHONEOS_DEPLOYMENT_TARGET = 15.0;
				MACOSX_DEPLOYMENT_TARGET = "$(RECOMMENDED_MACOSX_DEPLOYMENT_TARGET)";
				MTL_ENABLE_DEBUG_INFO = INCLUDE_SOURCE;
				MTL_FAST_MATH = YES;
				ONLY_ACTIVE_ARCH = YES;
				SWIFT_ACTIVE_COMPILATION_CONDITIONS = DEBUG;
				SWIFT_OPTIMIZATION_LEVEL = "-Onone";
			};
			name = Debug;
		};
		A579C96F2A3B6EA600D0E5B1 /* Release */ = {
			isa = XCBuildConfiguration;
			buildSettings = {
				ALWAYS_SEARCH_USER_PATHS = NO;
				CLANG_ANALYZER_NONNULL = YES;
				CLANG_ANALYZER_NUMBER_OBJECT_CONVERSION = YES_AGGRESSIVE;
				CLANG_CXX_LANGUAGE_STANDARD = "gnu++20";
				CLANG_ENABLE_MODULES = YES;
				CLANG_ENABLE_OBJC_ARC = YES;
				CLANG_ENABLE_OBJC_WEAK = YES;
				CLANG_WARN_BLOCK_CAPTURE_AUTORELEASING = YES;
				CLANG_WARN_BOOL_CONVERSION = YES;
				CLANG_WARN_COMMA = YES;
				CLANG_WARN_CONSTANT_CONVERSION = YES;
				CLANG_WARN_DEPRECATED_OBJC_IMPLEMENTATIONS = YES;
				CLANG_WARN_DIRECT_OBJC_ISA_USAGE = YES_ERROR;
				CLANG_WARN_DOCUMENTATION_COMMENTS = YES;
				CLANG_WARN_EMPTY_BODY = YES;
				CLANG_WARN_ENUM_CONVERSION = YES;
				CLANG_WARN_INFINITE_RECURSION = YES;
				CLANG_WARN_INT_CONVERSION = YES;
				CLANG_WARN_NON_LITERAL_NULL_CONVERSION = YES;
				CLANG_WARN_OBJC_IMPLICIT_RETAIN_SELF = YES;
				CLANG_WARN_OBJC_LITERAL_CONVERSION = YES;
				CLANG_WARN_OBJC_ROOT_CLASS = YES_ERROR;
				CLANG_WARN_QUOTED_INCLUDE_IN_FRAMEWORK_HEADER = YES;
				CLANG_WARN_RANGE_LOOP_ANALYSIS = YES;
				CLANG_WARN_STRICT_PROTOTYPES = YES;
				CLANG_WARN_SUSPICIOUS_MOVE = YES;
				CLANG_WARN_UNGUARDED_AVAILABILITY = YES_AGGRESSIVE;
				CLANG_WARN_UNREACHABLE_CODE = YES;
				CLANG_WARN__DUPLICATE_METHOD_MATCH = YES;
				COPY_PHASE_STRIP = NO;
				DEBUG_INFORMATION_FORMAT = "dwarf-with-dsym";
				ENABLE_NS_ASSERTIONS = NO;
				ENABLE_STRICT_OBJC_MSGSEND = YES;
				GCC_C_LANGUAGE_STANDARD = gnu11;
				GCC_NO_COMMON_BLOCKS = YES;
				GCC_WARN_64_TO_32_BIT_CONVERSION = YES;
				GCC_WARN_ABOUT_RETURN_TYPE = YES_ERROR;
				GCC_WARN_UNDECLARED_SELECTOR = YES;
				GCC_WARN_UNINITIALIZED_AUTOS = YES_AGGRESSIVE;
				GCC_WARN_UNUSED_FUNCTION = YES;
				GCC_WARN_UNUSED_VARIABLE = YES;
				IPHONEOS_DEPLOYMENT_TARGET = 15.0;
				MACOSX_DEPLOYMENT_TARGET = "$(RECOMMENDED_MACOSX_DEPLOYMENT_TARGET)";
				MTL_ENABLE_DEBUG_INFO = NO;
				MTL_FAST_MATH = YES;
				SWIFT_COMPILATION_MODE = wholemodule;
				SWIFT_OPTIMIZATION_LEVEL = "-O";
			};
			name = Release;
		};
		A579C9712A3B6EA600D0E5B1 /* Debug */ = {
			isa = XCBuildConfiguration;
			buildSettings = {
				ASSETCATALOG_COMPILER_APPICON_NAME = AppIcon;
				ASSETCATALOG_COMPILER_GLOBAL_ACCENT_COLOR_NAME = AccentColor;
				CODE_SIGN_ENTITLEMENTS = SwiftUIKit/SwiftUIKit.entitlements;
				CODE_SIGN_STYLE = Automatic;
				CURRENT_PROJECT_VERSION = 1;
				DEVELOPMENT_ASSET_PATHS = "\"SwiftUIKit/Preview Content\"";
				DEVELOPMENT_TEAM = 4CXC7B4BA9;
				ENABLE_HARDENED_RUNTIME = YES;
				ENABLE_PREVIEWS = YES;
				GENERATE_INFOPLIST_FILE = YES;
				"INFOPLIST_KEY_UIApplicationSceneManifest_Generation[sdk=iphoneos*]" = YES;
				"INFOPLIST_KEY_UIApplicationSceneManifest_Generation[sdk=iphonesimulator*]" = YES;
				"INFOPLIST_KEY_UIApplicationSupportsIndirectInputEvents[sdk=iphoneos*]" = YES;
				"INFOPLIST_KEY_UIApplicationSupportsIndirectInputEvents[sdk=iphonesimulator*]" = YES;
				"INFOPLIST_KEY_UILaunchScreen_Generation[sdk=iphoneos*]" = YES;
				"INFOPLIST_KEY_UILaunchScreen_Generation[sdk=iphonesimulator*]" = YES;
				"INFOPLIST_KEY_UIStatusBarStyle[sdk=iphoneos*]" = UIStatusBarStyleDefault;
				"INFOPLIST_KEY_UIStatusBarStyle[sdk=iphonesimulator*]" = UIStatusBarStyleDefault;
				INFOPLIST_KEY_UISupportedInterfaceOrientations_iPad = "UIInterfaceOrientationPortrait UIInterfaceOrientationPortraitUpsideDown UIInterfaceOrientationLandscapeLeft UIInterfaceOrientationLandscapeRight";
				INFOPLIST_KEY_UISupportedInterfaceOrientations_iPhone = "UIInterfaceOrientationPortrait UIInterfaceOrientationLandscapeLeft UIInterfaceOrientationLandscapeRight";
				IPHONEOS_DEPLOYMENT_TARGET = 15.0;
				LD_RUNPATH_SEARCH_PATHS = "@executable_path/Frameworks";
				"LD_RUNPATH_SEARCH_PATHS[sdk=macosx*]" = "@executable_path/../Frameworks";
				MACOSX_DEPLOYMENT_TARGET = 13.3;
				MARKETING_VERSION = 1.0;
				PRODUCT_BUNDLE_IDENTIFIER = uk.co.bbc.SwiftUIKit;
				PRODUCT_NAME = "$(TARGET_NAME)";
				SDKROOT = auto;
				SUPPORTED_PLATFORMS = "iphoneos iphonesimulator macosx";
				SWIFT_EMIT_LOC_STRINGS = YES;
				SWIFT_VERSION = 5.0;
				TARGETED_DEVICE_FAMILY = "1,2";
			};
			name = Debug;
		};
		A579C9722A3B6EA600D0E5B1 /* Release */ = {
			isa = XCBuildConfiguration;
			buildSettings = {
				ASSETCATALOG_COMPILER_APPICON_NAME = AppIcon;
				ASSETCATALOG_COMPILER_GLOBAL_ACCENT_COLOR_NAME = AccentColor;
				CODE_SIGN_ENTITLEMENTS = SwiftUIKit/SwiftUIKit.entitlements;
				CODE_SIGN_STYLE = Automatic;
				CURRENT_PROJECT_VERSION = 1;
				DEVELOPMENT_ASSET_PATHS = "\"SwiftUIKit/Preview Content\"";
				DEVELOPMENT_TEAM = 4CXC7B4BA9;
				ENABLE_HARDENED_RUNTIME = YES;
				ENABLE_PREVIEWS = YES;
				GENERATE_INFOPLIST_FILE = YES;
				"INFOPLIST_KEY_UIApplicationSceneManifest_Generation[sdk=iphoneos*]" = YES;
				"INFOPLIST_KEY_UIApplicationSceneManifest_Generation[sdk=iphonesimulator*]" = YES;
				"INFOPLIST_KEY_UIApplicationSupportsIndirectInputEvents[sdk=iphoneos*]" = YES;
				"INFOPLIST_KEY_UIApplicationSupportsIndirectInputEvents[sdk=iphonesimulator*]" = YES;
				"INFOPLIST_KEY_UILaunchScreen_Generation[sdk=iphoneos*]" = YES;
				"INFOPLIST_KEY_UILaunchScreen_Generation[sdk=iphonesimulator*]" = YES;
				"INFOPLIST_KEY_UIStatusBarStyle[sdk=iphoneos*]" = UIStatusBarStyleDefault;
				"INFOPLIST_KEY_UIStatusBarStyle[sdk=iphonesimulator*]" = UIStatusBarStyleDefault;
				INFOPLIST_KEY_UISupportedInterfaceOrientations_iPad = "UIInterfaceOrientationPortrait UIInterfaceOrientationPortraitUpsideDown UIInterfaceOrientationLandscapeLeft UIInterfaceOrientationLandscapeRight";
				INFOPLIST_KEY_UISupportedInterfaceOrientations_iPhone = "UIInterfaceOrientationPortrait UIInterfaceOrientationLandscapeLeft UIInterfaceOrientationLandscapeRight";
				IPHONEOS_DEPLOYMENT_TARGET = 15.0;
				LD_RUNPATH_SEARCH_PATHS = "@executable_path/Frameworks";
				"LD_RUNPATH_SEARCH_PATHS[sdk=macosx*]" = "@executable_path/../Frameworks";
				MACOSX_DEPLOYMENT_TARGET = 13.3;
				MARKETING_VERSION = 1.0;
				PRODUCT_BUNDLE_IDENTIFIER = uk.co.bbc.SwiftUIKit;
				PRODUCT_NAME = "$(TARGET_NAME)";
				SDKROOT = auto;
				SUPPORTED_PLATFORMS = "iphoneos iphonesimulator macosx";
				SWIFT_EMIT_LOC_STRINGS = YES;
				SWIFT_VERSION = 5.0;
				TARGETED_DEVICE_FAMILY = "1,2";
			};
			name = Release;
		};
/* End XCBuildConfiguration section */

/* Begin XCConfigurationList section */
		A579C95C2A3B6EA500D0E5B1 /* Build configuration list for PBXProject "SwiftUIKit" */ = {
			isa = XCConfigurationList;
			buildConfigurations = (
				A579C96E2A3B6EA600D0E5B1 /* Debug */,
				A579C96F2A3B6EA600D0E5B1 /* Release */,
			);
			defaultConfigurationIsVisible = 0;
			defaultConfigurationName = Release;
		};
		A579C9702A3B6EA600D0E5B1 /* Build configuration list for PBXNativeTarget "SwiftUIKit" */ = {
			isa = XCConfigurationList;
			buildConfigurations = (
				A579C9712A3B6EA600D0E5B1 /* Debug */,
				A579C9722A3B6EA600D0E5B1 /* Release */,
			);
			defaultConfigurationIsVisible = 0;
			defaultConfigurationName = Release;
		};
/* End XCConfigurationList section */
	};
	rootObject = A579C9592A3B6EA500D0E5B1 /* Project object */;
}
